// !$*UTF8*$!
{
	archiveVersion = 1;
	classes = {
	};
	objectVersion = 46;
	objects = {

/* Begin PBXBuildFile section */
		468EC25F1C518CF70027C0FB /* AppDelegate.swift in Sources */ = {isa = PBXBuildFile; fileRef = 468EC25E1C518CF70027C0FB /* AppDelegate.swift */; };
		468EC2611C518CF70027C0FB /* ViewController.swift in Sources */ = {isa = PBXBuildFile; fileRef = 468EC2601C518CF70027C0FB /* ViewController.swift */; };
		468EC2641C518CF70027C0FB /* Main.storyboard in Resources */ = {isa = PBXBuildFile; fileRef = 468EC2621C518CF70027C0FB /* Main.storyboard */; };
		468EC2661C518CF70027C0FB /* Assets.xcassets in Resources */ = {isa = PBXBuildFile; fileRef = 468EC2651C518CF70027C0FB /* Assets.xcassets */; };
		468EC2691C518CF70027C0FB /* LaunchScreen.storyboard in Resources */ = {isa = PBXBuildFile; fileRef = 468EC2671C518CF70027C0FB /* LaunchScreen.storyboard */; };
/* End PBXBuildFile section */

/* Begin PBXFileReference section */
		468EC25B1C518CF70027C0FB /* pokedex-by-Alex.app */ = {isa = PBXFileReference; explicitFileType = wrapper.application; includeInIndex = 0; path = "pokedex-by-Alex.app"; sourceTree = BUILT_PRODUCTS_DIR; };
		468EC25E1C518CF70027C0FB /* AppDelegate.swift */ = {isa = PBXFileReference; lastKnownFileType = sourcecode.swift; path = AppDelegate.swift; sourceTree = "<group>"; };
		468EC2601C518CF70027C0FB /* ViewController.swift */ = {isa = PBXFileReference; lastKnownFileType = sourcecode.swift; path = ViewController.swift; sourceTree = "<group>"; };
		468EC2631C518CF70027C0FB /* Base */ = {isa = PBXFileReference; lastKnownFileType = file.storyboard; name = Base; path = Base.lproj/Main.storyboard; sourceTree = "<group>"; };
		468EC2651C518CF70027C0FB /* Assets.xcassets */ = {isa = PBXFileReference; lastKnownFileType = folder.assetcatalog; path = Assets.xcassets; sourceTree = "<group>"; };
		468EC2681C518CF70027C0FB /* Base */ = {isa = PBXFileReference; lastKnownFileType = file.storyboard; name = Base; path = Base.lproj/LaunchScreen.storyboard; sourceTree = "<group>"; };
		468EC26A1C518CF70027C0FB /* Info.plist */ = {isa = PBXFileReference; lastKnownFileType = text.plist.xml; path = Info.plist; sourceTree = "<group>"; };
/* End PBXFileReference section */

/* Begin PBXFrameworksBuildPhase section */
		468EC2581C518CF70027C0FB /* Frameworks */ = {
			isa = PBXFrameworksBuildPhase;
			buildActionMask = 2147483647;
			files = (
			);
			runOnlyForDeploymentPostprocessing = 0;
		};
/* End PBXFrameworksBuildPhase section */

/* Begin PBXGroup section */
		468EC2521C518CF70027C0FB = {
			isa = PBXGroup;
			children = (
				468EC25D1C518CF70027C0FB /* pokedex-by-Alex */,
				468EC25C1C518CF70027C0FB /* Products */,
			);
			sourceTree = "<group>";
		};
		468EC25C1C518CF70027C0FB /* Products */ = {
			isa = PBXGroup;
			children = (
				468EC25B1C518CF70027C0FB /* pokedex-by-Alex.app */,
			);
			name = Products;
			sourceTree = "<group>";
		};
		468EC25D1C518CF70027C0FB /* pokedex-by-Alex */ = {
			isa = PBXGroup;
			children = (
				468EC25E1C518CF70027C0FB /* AppDelegate.swift */,
				468EC2601C518CF70027C0FB /* ViewController.swift */,
				468EC2621C518CF70027C0FB /* Main.storyboard */,
				468EC2651C518CF70027C0FB /* Assets.xcassets */,
				468EC2671C518CF70027C0FB /* LaunchScreen.storyboard */,
				468EC26A1C518CF70027C0FB /* Info.plist */,
			);
			path = "pokedex-by-Alex";
			sourceTree = "<group>";
		};
/* End PBXGroup section */

/* Begin PBXNativeTarget section */
		468EC25A1C518CF70027C0FB /* pokedex-by-Alex */ = {
			isa = PBXNativeTarget;
			buildConfigurationList = 468EC26D1C518CF70027C0FB /* Build configuration list for PBXNativeTarget "pokedex-by-Alex" */;
			buildPhases = (
				468EC2571C518CF70027C0FB /* Sources */,
				468EC2581C518CF70027C0FB /* Frameworks */,
				468EC2591C518CF70027C0FB /* Resources */,
			);
			buildRules = (
			);
			dependencies = (
			);
			name = "pokedex-by-Alex";
			productName = "pokedex-by-Alex";
			productReference = 468EC25B1C518CF70027C0FB /* pokedex-by-Alex.app */;
			productType = "com.apple.product-type.application";
		};
/* End PBXNativeTarget section */

/* Begin PBXProject section */
		468EC2531C518CF70027C0FB /* Project object */ = {
			isa = PBXProject;
			attributes = {
				LastSwiftUpdateCheck = 0720;
				LastUpgradeCheck = 0720;
				ORGANIZATIONNAME = "Alex Nguyen";
				TargetAttributes = {
					468EC25A1C518CF70027C0FB = {
						CreatedOnToolsVersion = 7.2;
					};
				};
			};
			buildConfigurationList = 468EC2561C518CF70027C0FB /* Build configuration list for PBXProject "pokedex-by-Alex" */;
			compatibilityVersion = "Xcode 3.2";
			developmentRegion = English;
			hasScannedForEncodings = 0;
			knownRegions = (
				en,
				Base,
			);
			mainGroup = 468EC2521C518CF70027C0FB;
			productRefGroup = 468EC25C1C518CF70027C0FB /* Products */;
			projectDirPath = "";
			projectRoot = "";
			targets = (
				468EC25A1C518CF70027C0FB /* pokedex-by-Alex */,
			);
		};
/* End PBXProject section */

/* Begin PBXResourcesBuildPhase section */
		468EC2591C518CF70027C0FB /* Resources */ = {
			isa = PBXResourcesBuildPhase;
			buildActionMask = 2147483647;
			files = (
				468EC2691C518CF70027C0FB /* LaunchScreen.storyboard in Resources */,
				468EC2661C518CF70027C0FB /* Assets.xcassets in Resources */,
				468EC2641C518CF70027C0FB /* Main.storyboard in Resources */,
			);
			runOnlyForDeploymentPostprocessing = 0;
		};
/* End PBXResourcesBuildPhase section */

/* Begin PBXSourcesBuildPhase section */
		468EC2571C518CF70027C0FB /* Sources */ = {
			isa = PBXSourcesBuildPhase;
			buildActionMask = 2147483647;
			files = (
				468EC2611C518CF70027C0FB /* ViewController.swift in Sources */,
				468EC25F1C518CF70027C0FB /* AppDelegate.swift in Sources */,
			);
			runOnlyForDeploymentPostprocessing = 0;
		};
/* End PBXSourcesBuildPhase section */

/* Begin PBXVariantGroup section */
		468EC2621C518CF70027C0FB /* Main.storyboard */ = {
			isa = PBXVariantGroup;
			children = (
				468EC2631C518CF70027C0FB /* Base */,
			);
			name = Main.storyboard;
			sourceTree = "<group>";
		};
		468EC2671C518CF70027C0FB /* LaunchScreen.storyboard */ = {
			isa = PBXVariantGroup;
			children = (
				468EC2681C518CF70027C0FB /* Base */,
			);
			name = LaunchScreen.storyboard;
			sourceTree = "<group>";
		};
/* End PBXVariantGroup section */

/* Begin XCBuildConfiguration section */
		468EC26B1C518CF70027C0FB /* Debug */ = {
			isa = XCBuildConfiguration;
			buildSettings = {
				ALWAYS_SEARCH_USER_PATHS = NO;
				CLANG_CXX_LANGUAGE_STANDARD = "gnu++0x";
				CLANG_CXX_LIBRARY = "libc++";
				CLANG_ENABLE_MODULES = YES;
				CLANG_ENABLE_OBJC_ARC = YES;
				CLANG_WARN_BOOL_CONVERSION = YES;
				CLANG_WARN_CONSTANT_CONVERSION = YES;
				CLANG_WARN_DIRECT_OBJC_ISA_USAGE = YES_ERROR;
				CLANG_WARN_EMPTY_BODY = YES;
				CLANG_WARN_ENUM_CONVERSION = YES;
				CLANG_WARN_INT_CONVERSION = YES;
				CLANG_WARN_OBJC_ROOT_CLASS = YES_ERROR;
				CLANG_WARN_UNREACHABLE_CODE = YES;
				CLANG_WARN__DUPLICATE_METHOD_MATCH = YES;
				"CODE_SIGN_IDENTITY[sdk=iphoneos*]" = "iPhone Developer";
				COPY_PHASE_STRIP = NO;
				DEBUG_INFORMATION_FORMAT = dwarf;
				ENABLE_STRICT_OBJC_MSGSEND = YES;
				ENABLE_TESTABILITY = YES;
				GCC_C_LANGUAGE_STANDARD = gnu99;
				GCC_DYNAMIC_NO_PIC = NO;
				GCC_NO_COMMON_BLOCKS = YES;
				GCC_OPTIMIZATION_LEVEL = 0;
				GCC_PREPROCESSOR_DEFINITIONS = (
					"DEBUG=1",
					"$(inherited)",
				);
				GCC_WARN_64_TO_32_BIT_CONVERSION = YES;
				GCC_WARN_ABOUT_RETURN_TYPE = YES_ERROR;
				GCC_WARN_UNDECLARED_SELECTOR = YES;
				GCC_WARN_UNINITIALIZED_AUTOS = YES_AGGRESSIVE;
				GCC_WARN_UNUSED_FUNCTION = YES;
				GCC_WARN_UNUSED_VARIABLE = YES;
				IPHONEOS_DEPLOYMENT_TARGET = 9.2;
				MTL_ENABLE_DEBUG_INFO = YES;
				ONLY_ACTIVE_ARCH = YES;
				SDKROOT = iphoneos;
				SWIFT_OPTIMIZATION_LEVEL = "-Onone";
			};
			name = Debug;
		};
		468EC26C1C518CF70027C0FB /* Release */ = {
			isa = XCBuildConfiguration;
			buildSettings = {
				ALWAYS_SEARCH_USER_PATHS = NO;
				CLANG_CXX_LANGUAGE_STANDARD = "gnu++0x";
				CLANG_CXX_LIBRARY = "libc++";
				CLANG_ENABLE_MODULES = YES;
				CLANG_ENABLE_OBJC_ARC = YES;
				CLANG_WARN_BOOL_CONVERSION = YES;
				CLANG_WARN_CONSTANT_CONVERSION = YES;
				CLANG_WARN_DIRECT_OBJC_ISA_USAGE = YES_ERROR;
				CLANG_WARN_EMPTY_BODY = YES;
				CLANG_WARN_ENUM_CONVERSION = YES;
				CLANG_WARN_INT_CONVERSION = YES;
				CLANG_WARN_OBJC_ROOT_CLASS = YES_ERROR;
				CLANG_WARN_UNREACHABLE_CODE = YES;
				CLANG_WARN__DUPLICATE_METHOD_MATCH = YES;
				"CODE_SIGN_IDENTITY[sdk=iphoneos*]" = "iPhone Developer";
				COPY_PHASE_STRIP = NO;
				DEBUG_INFORMATION_FORMAT = "dwarf-with-dsym";
				ENABLE_NS_ASSERTIONS = NO;
				ENABLE_STRICT_OBJC_MSGSEND = YES;
				GCC_C_LANGUAGE_STANDARD = gnu99;
				GCC_NO_COMMON_BLOCKS = YES;
				GCC_WARN_64_TO_32_BIT_CONVERSION = YES;
				GCC_WARN_ABOUT_RETURN_TYPE = YES_ERROR;
				GCC_WARN_UNDECLARED_SELECTOR = YES;
				GCC_WARN_UNINITIALIZED_AUTOS = YES_AGGRESSIVE;
				GCC_WARN_UNUSED_FUNCTION = YES;
				GCC_WARN_UNUSED_VARIABLE = YES;
				IPHONEOS_DEPLOYMENT_TARGET = 9.2;
				MTL_ENABLE_DEBUG_INFO = NO;
				SDKROOT = iphoneos;
				VALIDATE_PRODUCT = YES;
			};
			name = Release;
		};
		468EC26E1C518CF70027C0FB /* Debug */ = {
			isa = XCBuildConfiguration;
			buildSettings = {
				ASSETCATALOG_COMPILER_APPICON_NAME = AppIcon;
				INFOPLIST_FILE = "pokedex-by-Alex/Info.plist";
				LD_RUNPATH_SEARCH_PATHS = "$(inherited) @executable_path/Frameworks";
				PRODUCT_BUNDLE_IDENTIFIER = "com.AlexNguyen.pokedex-by-Alex";
				PRODUCT_NAME = "$(TARGET_NAME)";
			};
			name = Debug;
		};
		468EC26F1C518CF70027C0FB /* Release */ = {
			isa = XCBuildConfiguration;
			buildSettings = {
				ASSETCATALOG_COMPILER_APPICON_NAME = AppIcon;
				INFOPLIST_FILE = "pokedex-by-Alex/Info.plist";
				LD_RUNPATH_SEARCH_PATHS = "$(inherited) @executable_path/Frameworks";
				PRODUCT_BUNDLE_IDENTIFIER = "com.AlexNguyen.pokedex-by-Alex";
				PRODUCT_NAME = "$(TARGET_NAME)";
			};
			name = Release;
		};
/* End XCBuildConfiguration section */

/* Begin XCConfigurationList section */
		468EC2561C518CF70027C0FB /* Build configuration list for PBXProject "pokedex-by-Alex" */ = {
			isa = XCConfigurationList;
			buildConfigurations = (
				468EC26B1C518CF70027C0FB /* Debug */,
				468EC26C1C518CF70027C0FB /* Release */,
			);
			defaultConfigurationIsVisible = 0;
			defaultConfigurationName = Release;
		};
		468EC26D1C518CF70027C0FB /* Build configuration list for PBXNativeTarget "pokedex-by-Alex" */ = {
			isa = XCConfigurationList;
			buildConfigurations = (
				468EC26E1C518CF70027C0FB /* Debug */,
				468EC26F1C518CF70027C0FB /* Release */,
			);
			defaultConfigurationIsVisible = 0;
		};
/* End XCConfigurationList section */
	};
	rootObject = 468EC2531C518CF70027C0FB /* Project object */;
}
